
Microsoft Visual Studio Solution File, Format Version 11.00
# Visual Studio 2010
Project("{FAE04EC0-301F-11D3-BF4B-00C04F79EFBC}") = "Assembly-CSharp", "Assembly-CSharp.csproj", "{985374D5-B9C4-C0A5-8B85-99505B327DF2}"
EndProject
Project("{FAE04EC0-301F-11D3-BF4B-00C04F79EFBC}") = "Assembly-CSharp-Editor", "Assembly-CSharp-Editor.csproj", "{7E88EFB1-8727-8BD7-B62B-06BA8CC44D58}"
EndProject
Global
	GlobalSection(SolutionConfigurationPlatforms) = preSolution
		Debug|Any CPU = Debug|Any CPU
		Release|Any CPU = Release|Any CPU
	EndGlobalSection
	GlobalSection(ProjectConfigurationPlatforms) = postSolution
		{985374D5-B9C4-C0A5-8B85-99505B327DF2}.Debug|Any CPU.ActiveCfg = Debug|Any CPU
		{985374D5-B9C4-C0A5-8B85-99505B327DF2}.Debug|Any CPU.Build.0 = Debug|Any CPU
		{985374D5-B9C4-C0A5-8B85-99505B327DF2}.Release|Any CPU.ActiveCfg = Release|Any CPU
		{985374D5-B9C4-C0A5-8B85-99505B327DF2}.Release|Any CPU.Build.0 = Release|Any CPU
		{7E88EFB1-8727-8BD7-B62B-06BA8CC44D58}.Debug|Any CPU.ActiveCfg = Debug|Any CPU
		{7E88EFB1-8727-8BD7-B62B-06BA8CC44D58}.Debug|Any CPU.Build.0 = Debug|Any CPU
		{7E88EFB1-8727-8BD7-B62B-06BA8CC44D58}.Release|Any CPU.ActiveCfg = Release|Any CPU
		{7E88EFB1-8727-8BD7-B62B-06BA8CC44D58}.Release|Any CPU.Build.0 = Release|Any CPU
	EndGlobalSection
	GlobalSection(SolutionProperties) = preSolution
		HideSolutionNode = FALSE
	EndGlobalSection
EndGlobal
